
Microsoft Visual Studio Solution File, Format Version 12.00
# Visual Studio 15
VisualStudioVersion = 15.0.27703.2026
MinimumVisualStudioVersion = 10.0.40219.1
Project("{FAE04EC0-301F-11D3-BF4B-00C04F79EFBC}") = "Wc3colorPicker", "Wc3colorPicker\Wc3colorPicker.csproj", "{EA3B3E5C-A735-4EBA-B4FA-B0384F853972}"
EndProject
Global
	GlobalSection(SolutionConfigurationPlatforms) = preSolution
		Debug|Any CPU = Debug|Any CPU
		Release|Any CPU = Release|Any CPU
	EndGlobalSection
	GlobalSection(ProjectConfigurationPlatforms) = postSolution
		{EA3B3E5C-A735-4EBA-B4FA-B0384F853972}.Debug|Any CPU.ActiveCfg = Debug|Any CPU
		{EA3B3E5C-A735-4EBA-B4FA-B0384F853972}.Debug|Any CPU.Build.0 = Debug|Any CPU
		{EA3B3E5C-A735-4EBA-B4FA-B0384F853972}.Release|Any CPU.ActiveCfg = Release|Any CPU
		{EA3B3E5C-A735-4EBA-B4FA-B0384F853972}.Release|Any CPU.Build.0 = Release|Any CPU
	EndGlobalSection
	GlobalSection(SolutionProperties) = preSolution
		HideSolutionNode = FALSE
	EndGlobalSection
	GlobalSection(ExtensibilityGlobals) = postSolution
		SolutionGuid = {937487C2-4DB2-488A-A57B-22BCC43988B4}
	EndGlobalSection
EndGlobal
